// !$*UTF8*$!
{
	archiveVersion = 1;
	classes = {
	};
	objectVersion = 50;
	objects = {

/* Begin PBXBuildFile section */
		05204C11276DDC49001F46E5 /* Login Scene.swift in Sources */ = {isa = PBXBuildFile; fileRef = 05204C10276DDC49001F46E5 /* Login Scene.swift */; };
		05204C13276DDC95001F46E5 /* Register Scene.swift in Sources */ = {isa = PBXBuildFile; fileRef = 05204C12276DDC95001F46E5 /* Register Scene.swift */; };
		B77A4E6D275F737D00B2A2DF /* ProfileViewController.swift in Sources */ = {isa = PBXBuildFile; fileRef = B77A4E6C275F737D00B2A2DF /* ProfileViewController.swift */; };
		CE7003D4277AE23F001780F0 /* AccountEntity+CoreDataClass.swift in Sources */ = {isa = PBXBuildFile; fileRef = CE7003D0277AE23F001780F0 /* AccountEntity+CoreDataClass.swift */; };
		CE7003D5277AE23F001780F0 /* AccountEntity+CoreDataProperties.swift in Sources */ = {isa = PBXBuildFile; fileRef = CE7003D1277AE23F001780F0 /* AccountEntity+CoreDataProperties.swift */; };
		CE7003D6277AE23F001780F0 /* CurhatEntity+CoreDataClass.swift in Sources */ = {isa = PBXBuildFile; fileRef = CE7003D2277AE23F001780F0 /* CurhatEntity+CoreDataClass.swift */; };
		CE7003D7277AE23F001780F0 /* CurhatEntity+CoreDataProperties.swift in Sources */ = {isa = PBXBuildFile; fileRef = CE7003D3277AE23F001780F0 /* CurhatEntity+CoreDataProperties.swift */; };
		CE788632275DD1FD00391829 /* AppDelegate.swift in Sources */ = {isa = PBXBuildFile; fileRef = CE788631275DD1FD00391829 /* AppDelegate.swift */; };
		CE788634275DD1FD00391829 /* ViewController.swift in Sources */ = {isa = PBXBuildFile; fileRef = CE788633275DD1FD00391829 /* ViewController.swift */; };
		CE788637275DD1FD00391829 /* Main.storyboard in Resources */ = {isa = PBXBuildFile; fileRef = CE788635275DD1FD00391829 /* Main.storyboard */; };
		CE78863A275DD1FD00391829 /* wricur.xcdatamodeld in Sources */ = {isa = PBXBuildFile; fileRef = CE788638275DD1FD00391829 /* wricur.xcdatamodeld */; };
		CE78863C275DD1FF00391829 /* Assets.xcassets in Resources */ = {isa = PBXBuildFile; fileRef = CE78863B275DD1FF00391829 /* Assets.xcassets */; };
		CE78863F275DD1FF00391829 /* LaunchScreen.storyboard in Resources */ = {isa = PBXBuildFile; fileRef = CE78863D275DD1FF00391829 /* LaunchScreen.storyboard */; };
		CE99A9B9276491C0007FB0AF /* CurhatTableViewCell.swift in Sources */ = {isa = PBXBuildFile; fileRef = CE99A9B8276491C0007FB0AF /* CurhatTableViewCell.swift */; };
		CED24B642764887D0020038F /* HomeViewController.swift in Sources */ = {isa = PBXBuildFile; fileRef = CED24B632764887D0020038F /* HomeViewController.swift */; };
		CED24B66276489F50020038F /* Curhat.swift in Sources */ = {isa = PBXBuildFile; fileRef = CED24B65276489F50020038F /* Curhat.swift */; };
		CED24B6827648C530020038F /* OwnViewController.swift in Sources */ = {isa = PBXBuildFile; fileRef = CED24B6727648C530020038F /* OwnViewController.swift */; };
		E64DE7182761142C0007AC0B /* EditViewController.swift in Sources */ = {isa = PBXBuildFile; fileRef = E64DE7172761142C0007AC0B /* EditViewController.swift */; };
		E6545A99275FBC49005C7A69 /* CreateViewController.swift in Sources */ = {isa = PBXBuildFile; fileRef = E6545A98275FBC49005C7A69 /* CreateViewController.swift */; };
/* End PBXBuildFile section */

/* Begin PBXFileReference section */
		05204C10276DDC49001F46E5 /* Login Scene.swift */ = {isa = PBXFileReference; lastKnownFileType = sourcecode.swift; path = "Login Scene.swift"; sourceTree = "<group>"; };
		05204C12276DDC95001F46E5 /* Register Scene.swift */ = {isa = PBXFileReference; lastKnownFileType = sourcecode.swift; path = "Register Scene.swift"; sourceTree = "<group>"; };
		B77A4E6C275F737D00B2A2DF /* ProfileViewController.swift */ = {isa = PBXFileReference; lastKnownFileType = sourcecode.swift; path = ProfileViewController.swift; sourceTree = SOURCE_ROOT; };
		CE7003D0277AE23F001780F0 /* AccountEntity+CoreDataClass.swift */ = {isa = PBXFileReference; lastKnownFileType = sourcecode.swift; path = "AccountEntity+CoreDataClass.swift"; sourceTree = "<group>"; };
		CE7003D1277AE23F001780F0 /* AccountEntity+CoreDataProperties.swift */ = {isa = PBXFileReference; lastKnownFileType = sourcecode.swift; path = "AccountEntity+CoreDataProperties.swift"; sourceTree = "<group>"; };
		CE7003D2277AE23F001780F0 /* CurhatEntity+CoreDataClass.swift */ = {isa = PBXFileReference; lastKnownFileType = sourcecode.swift; path = "CurhatEntity+CoreDataClass.swift"; sourceTree = "<group>"; };
		CE7003D3277AE23F001780F0 /* CurhatEntity+CoreDataProperties.swift */ = {isa = PBXFileReference; lastKnownFileType = sourcecode.swift; path = "CurhatEntity+CoreDataProperties.swift"; sourceTree = "<group>"; };
		CE78862E275DD1FD00391829 /* wricur.app */ = {isa = PBXFileReference; explicitFileType = wrapper.application; includeInIndex = 0; path = wricur.app; sourceTree = BUILT_PRODUCTS_DIR; };
		CE788631275DD1FD00391829 /* AppDelegate.swift */ = {isa = PBXFileReference; lastKnownFileType = sourcecode.swift; path = AppDelegate.swift; sourceTree = "<group>"; };
		CE788633275DD1FD00391829 /* ViewController.swift */ = {isa = PBXFileReference; lastKnownFileType = sourcecode.swift; path = ViewController.swift; sourceTree = "<group>"; };
		CE788636275DD1FD00391829 /* Base */ = {isa = PBXFileReference; lastKnownFileType = file.storyboard; name = Base; path = Base.lproj/Main.storyboard; sourceTree = "<group>"; };
		CE788639275DD1FD00391829 /* wricur.xcdatamodel */ = {isa = PBXFileReference; lastKnownFileType = wrapper.xcdatamodel; path = wricur.xcdatamodel; sourceTree = "<group>"; };
		CE78863B275DD1FF00391829 /* Assets.xcassets */ = {isa = PBXFileReference; lastKnownFileType = folder.assetcatalog; path = Assets.xcassets; sourceTree = "<group>"; };
		CE78863E275DD1FF00391829 /* Base */ = {isa = PBXFileReference; lastKnownFileType = file.storyboard; name = Base; path = Base.lproj/LaunchScreen.storyboard; sourceTree = "<group>"; };
		CE788640275DD1FF00391829 /* Info.plist */ = {isa = PBXFileReference; lastKnownFileType = text.plist.xml; path = Info.plist; sourceTree = "<group>"; };
		CE99A9B8276491C0007FB0AF /* CurhatTableViewCell.swift */ = {isa = PBXFileReference; lastKnownFileType = sourcecode.swift; path = CurhatTableViewCell.swift; sourceTree = "<group>"; };
		CED24B632764887D0020038F /* HomeViewController.swift */ = {isa = PBXFileReference; lastKnownFileType = sourcecode.swift; path = HomeViewController.swift; sourceTree = "<group>"; };
		CED24B65276489F50020038F /* Curhat.swift */ = {isa = PBXFileReference; lastKnownFileType = sourcecode.swift; path = Curhat.swift; sourceTree = "<group>"; };
		CED24B6727648C530020038F /* OwnViewController.swift */ = {isa = PBXFileReference; lastKnownFileType = sourcecode.swift; path = OwnViewController.swift; sourceTree = "<group>"; };
		E64DE7172761142C0007AC0B /* EditViewController.swift */ = {isa = PBXFileReference; lastKnownFileType = sourcecode.swift; path = EditViewController.swift; sourceTree = "<group>"; };
		E6545A98275FBC49005C7A69 /* CreateViewController.swift */ = {isa = PBXFileReference; lastKnownFileType = sourcecode.swift; path = CreateViewController.swift; sourceTree = "<group>"; };
/* End PBXFileReference section */

/* Begin PBXFrameworksBuildPhase section */
		CE78862B275DD1FD00391829 /* Frameworks */ = {
			isa = PBXFrameworksBuildPhase;
			buildActionMask = 2147483647;
			files = (
			);
			runOnlyForDeploymentPostprocessing = 0;
		};
/* End PBXFrameworksBuildPhase section */

/* Begin PBXGroup section */
		CE788625275DD1FC00391829 = {
			isa = PBXGroup;
			children = (
				CE7003D0277AE23F001780F0 /* AccountEntity+CoreDataClass.swift */,
				CE7003D1277AE23F001780F0 /* AccountEntity+CoreDataProperties.swift */,
				CE7003D2277AE23F001780F0 /* CurhatEntity+CoreDataClass.swift */,
				CE7003D3277AE23F001780F0 /* CurhatEntity+CoreDataProperties.swift */,
				CE788630275DD1FD00391829 /* wricur */,
				CE78862F275DD1FD00391829 /* Products */,
			);
			sourceTree = "<group>";
		};
		CE78862F275DD1FD00391829 /* Products */ = {
			isa = PBXGroup;
			children = (
				CE78862E275DD1FD00391829 /* wricur.app */,
			);
			name = Products;
			sourceTree = "<group>";
		};
		CE788630275DD1FD00391829 /* wricur */ = {
			isa = PBXGroup;
			children = (
				CE788631275DD1FD00391829 /* AppDelegate.swift */,
				CE788633275DD1FD00391829 /* ViewController.swift */,
				CE788635275DD1FD00391829 /* Main.storyboard */,
				CE78863B275DD1FF00391829 /* Assets.xcassets */,
				E64DE7172761142C0007AC0B /* EditViewController.swift */,
				CE78863D275DD1FF00391829 /* LaunchScreen.storyboard */,
				E6545A98275FBC49005C7A69 /* CreateViewController.swift */,
				CE788640275DD1FF00391829 /* Info.plist */,
				CE788638275DD1FD00391829 /* wricur.xcdatamodeld */,
				B77A4E6C275F737D00B2A2DF /* ProfileViewController.swift */,
				CED24B632764887D0020038F /* HomeViewController.swift */,
				CED24B65276489F50020038F /* Curhat.swift */,
				CED24B6727648C530020038F /* OwnViewController.swift */,
				CE99A9B8276491C0007FB0AF /* CurhatTableViewCell.swift */,
				05204C10276DDC49001F46E5 /* Login Scene.swift */,
				05204C12276DDC95001F46E5 /* Register Scene.swift */,
			);
			path = wricur;
			sourceTree = "<group>";
		};
/* End PBXGroup section */

/* Begin PBXNativeTarget section */
		CE78862D275DD1FD00391829 /* wricur */ = {
			isa = PBXNativeTarget;
			buildConfigurationList = CE788643275DD1FF00391829 /* Build configuration list for PBXNativeTarget "wricur" */;
			buildPhases = (
				CE78862A275DD1FD00391829 /* Sources */,
				CE78862B275DD1FD00391829 /* Frameworks */,
				CE78862C275DD1FD00391829 /* Resources */,
			);
			buildRules = (
			);
			dependencies = (
			);
			name = wricur;
			productName = wricur;
			productReference = CE78862E275DD1FD00391829 /* wricur.app */;
			productType = "com.apple.product-type.application";
		};
/* End PBXNativeTarget section */

/* Begin PBXProject section */
		CE788626275DD1FC00391829 /* Project object */ = {
			isa = PBXProject;
			attributes = {
				LastSwiftUpdateCheck = 1010;
				LastUpgradeCheck = 1010;
				ORGANIZATIONNAME = ltm;
				TargetAttributes = {
					CE78862D275DD1FD00391829 = {
						CreatedOnToolsVersion = 10.1;
					};
				};
			};
			buildConfigurationList = CE788629275DD1FC00391829 /* Build configuration list for PBXProject "wricur" */;
			compatibilityVersion = "Xcode 9.3";
			developmentRegion = en;
			hasScannedForEncodings = 0;
			knownRegions = (
				en,
				Base,
			);
			mainGroup = CE788625275DD1FC00391829;
			productRefGroup = CE78862F275DD1FD00391829 /* Products */;
			projectDirPath = "";
			projectRoot = "";
			targets = (
				CE78862D275DD1FD00391829 /* wricur */,
			);
		};
/* End PBXProject section */

/* Begin PBXResourcesBuildPhase section */
		CE78862C275DD1FD00391829 /* Resources */ = {
			isa = PBXResourcesBuildPhase;
			buildActionMask = 2147483647;
			files = (
				CE78863F275DD1FF00391829 /* LaunchScreen.storyboard in Resources */,
				CE78863C275DD1FF00391829 /* Assets.xcassets in Resources */,
				CE788637275DD1FD00391829 /* Main.storyboard in Resources */,
			);
			runOnlyForDeploymentPostprocessing = 0;
		};
/* End PBXResourcesBuildPhase section */

/* Begin PBXSourcesBuildPhase section */
		CE78862A275DD1FD00391829 /* Sources */ = {
			isa = PBXSourcesBuildPhase;
			buildActionMask = 2147483647;
			files = (
				CE7003D4277AE23F001780F0 /* AccountEntity+CoreDataClass.swift in Sources */,
				E6545A99275FBC49005C7A69 /* CreateViewController.swift in Sources */,
				CE78863A275DD1FD00391829 /* wricur.xcdatamodeld in Sources */,
				CE99A9B9276491C0007FB0AF /* CurhatTableViewCell.swift in Sources */,
				CE7003D5277AE23F001780F0 /* AccountEntity+CoreDataProperties.swift in Sources */,
				E64DE7182761142C0007AC0B /* EditViewController.swift in Sources */,
				CE7003D6277AE23F001780F0 /* CurhatEntity+CoreDataClass.swift in Sources */,
				CED24B6827648C530020038F /* OwnViewController.swift in Sources */,
				CE788634275DD1FD00391829 /* ViewController.swift in Sources */,
				05204C13276DDC95001F46E5 /* Register Scene.swift in Sources */,
				B77A4E6D275F737D00B2A2DF /* ProfileViewController.swift in Sources */,
				05204C11276DDC49001F46E5 /* Login Scene.swift in Sources */,
				CED24B642764887D0020038F /* HomeViewController.swift in Sources */,
				CED24B66276489F50020038F /* Curhat.swift in Sources */,
				CE788632275DD1FD00391829 /* AppDelegate.swift in Sources */,
				CE7003D7277AE23F001780F0 /* CurhatEntity+CoreDataProperties.swift in Sources */,
			);
			runOnlyForDeploymentPostprocessing = 0;
		};
/* End PBXSourcesBuildPhase section */

/* Begin PBXVariantGroup section */
		CE788635275DD1FD00391829 /* Main.storyboard */ = {
			isa = PBXVariantGroup;
			children = (
				CE788636275DD1FD00391829 /* Base */,
			);
			name = Main.storyboard;
			sourceTree = "<group>";
		};
		CE78863D275DD1FF00391829 /* LaunchScreen.storyboard */ = {
			isa = PBXVariantGroup;
			children = (
				CE78863E275DD1FF00391829 /* Base */,
			);
			name = LaunchScreen.storyboard;
			sourceTree = "<group>";
		};
/* End PBXVariantGroup section */

/* Begin XCBuildConfiguration section */
		CE788641275DD1FF00391829 /* Debug */ = {
			isa = XCBuildConfiguration;
			buildSettings = {
				ALWAYS_SEARCH_USER_PATHS = NO;
				CLANG_ANALYZER_NONNULL = YES;
				CLANG_ANALYZER_NUMBER_OBJECT_CONVERSION = YES_AGGRESSIVE;
				CLANG_CXX_LANGUAGE_STANDARD = "gnu++14";
				CLANG_CXX_LIBRARY = "libc++";
				CLANG_ENABLE_MODULES = YES;
				CLANG_ENABLE_OBJC_ARC = YES;
				CLANG_ENABLE_OBJC_WEAK = YES;
				CLANG_WARN_BLOCK_CAPTURE_AUTORELEASING = YES;
				CLANG_WARN_BOOL_CONVERSION = YES;
				CLANG_WARN_COMMA = YES;
				CLANG_WARN_CONSTANT_CONVERSION = YES;
				CLANG_WARN_DEPRECATED_OBJC_IMPLEMENTATIONS = YES;
				CLANG_WARN_DIRECT_OBJC_ISA_USAGE = YES_ERROR;
				CLANG_WARN_DOCUMENTATION_COMMENTS = YES;
				CLANG_WARN_EMPTY_BODY = YES;
				CLANG_WARN_ENUM_CONVERSION = YES;
				CLANG_WARN_INFINITE_RECURSION = YES;
				CLANG_WARN_INT_CONVERSION = YES;
				CLANG_WARN_NON_LITERAL_NULL_CONVERSION = YES;
				CLANG_WARN_OBJC_IMPLICIT_RETAIN_SELF = YES;
				CLANG_WARN_OBJC_LITERAL_CONVERSION = YES;
				CLANG_WARN_OBJC_ROOT_CLASS = YES_ERROR;
				CLANG_WARN_RANGE_LOOP_ANALYSIS = YES;
				CLANG_WARN_STRICT_PROTOTYPES = YES;
				CLANG_WARN_SUSPICIOUS_MOVE = YES;
				CLANG_WARN_UNGUARDED_AVAILABILITY = YES_AGGRESSIVE;
				CLANG_WARN_UNREACHABLE_CODE = YES;
				CLANG_WARN__DUPLICATE_METHOD_MATCH = YES;
				CODE_SIGN_IDENTITY = "iPhone Developer";
				COPY_PHASE_STRIP = NO;
				DEBUG_INFORMATION_FORMAT = dwarf;
				ENABLE_STRICT_OBJC_MSGSEND = YES;
				ENABLE_TESTABILITY = YES;
				GCC_C_LANGUAGE_STANDARD = gnu11;
				GCC_DYNAMIC_NO_PIC = NO;
				GCC_NO_COMMON_BLOCKS = YES;
				GCC_OPTIMIZATION_LEVEL = 0;
				GCC_PREPROCESSOR_DEFINITIONS = (
					"DEBUG=1",
					"$(inherited)",
				);
				GCC_WARN_64_TO_32_BIT_CONVERSION = YES;
				GCC_WARN_ABOUT_RETURN_TYPE = YES_ERROR;
				GCC_WARN_UNDECLARED_SELECTOR = YES;
				GCC_WARN_UNINITIALIZED_AUTOS = YES_AGGRESSIVE;
				GCC_WARN_UNUSED_FUNCTION = YES;
				GCC_WARN_UNUSED_VARIABLE = YES;
				IPHONEOS_DEPLOYMENT_TARGET = 12.1;
				MTL_ENABLE_DEBUG_INFO = INCLUDE_SOURCE;
				MTL_FAST_MATH = YES;
				ONLY_ACTIVE_ARCH = YES;
				SDKROOT = iphoneos;
				SWIFT_ACTIVE_COMPILATION_CONDITIONS = DEBUG;
				SWIFT_OPTIMIZATION_LEVEL = "-Onone";
			};
			name = Debug;
		};
		CE788642275DD1FF00391829 /* Release */ = {
			isa = XCBuildConfiguration;
			buildSettings = {
				ALWAYS_SEARCH_USER_PATHS = NO;
				CLANG_ANALYZER_NONNULL = YES;
				CLANG_ANALYZER_NUMBER_OBJECT_CONVERSION = YES_AGGRESSIVE;
				CLANG_CXX_LANGUAGE_STANDARD = "gnu++14";
				CLANG_CXX_LIBRARY = "libc++";
				CLANG_ENABLE_MODULES = YES;
				CLANG_ENABLE_OBJC_ARC = YES;
				CLANG_ENABLE_OBJC_WEAK = YES;
				CLANG_WARN_BLOCK_CAPTURE_AUTORELEASING = YES;
				CLANG_WARN_BOOL_CONVERSION = YES;
				CLANG_WARN_COMMA = YES;
				CLANG_WARN_CONSTANT_CONVERSION = YES;
				CLANG_WARN_DEPRECATED_OBJC_IMPLEMENTATIONS = YES;
				CLANG_WARN_DIRECT_OBJC_ISA_USAGE = YES_ERROR;
				CLANG_WARN_DOCUMENTATION_COMMENTS = YES;
				CLANG_WARN_EMPTY_BODY = YES;
				CLANG_WARN_ENUM_CONVERSION = YES;
				CLANG_WARN_INFINITE_RECURSION = YES;
				CLANG_WARN_INT_CONVERSION = YES;
				CLANG_WARN_NON_LITERAL_NULL_CONVERSION = YES;
				CLANG_WARN_OBJC_IMPLICIT_RETAIN_SELF = YES;
				CLANG_WARN_OBJC_LITERAL_CONVERSION = YES;
				CLANG_WARN_OBJC_ROOT_CLASS = YES_ERROR;
				CLANG_WARN_RANGE_LOOP_ANALYSIS = YES;
				CLANG_WARN_STRICT_PROTOTYPES = YES;
				CLANG_WARN_SUSPICIOUS_MOVE = YES;
				CLANG_WARN_UNGUARDED_AVAILABILITY = YES_AGGRESSIVE;
				CLANG_WARN_UNREACHABLE_CODE = YES;
				CLANG_WARN__DUPLICATE_METHOD_MATCH = YES;
				CODE_SIGN_IDENTITY = "iPhone Developer";
				COPY_PHASE_STRIP = NO;
				DEBUG_INFORMATION_FORMAT = "dwarf-with-dsym";
				ENABLE_NS_ASSERTIONS = NO;
				ENABLE_STRICT_OBJC_MSGSEND = YES;
				GCC_C_LANGUAGE_STANDARD = gnu11;
				GCC_NO_COMMON_BLOCKS = YES;
				GCC_WARN_64_TO_32_BIT_CONVERSION = YES;
				GCC_WARN_ABOUT_RETURN_TYPE = YES_ERROR;
				GCC_WARN_UNDECLARED_SELECTOR = YES;
				GCC_WARN_UNINITIALIZED_AUTOS = YES_AGGRESSIVE;
				GCC_WARN_UNUSED_FUNCTION = YES;
				GCC_WARN_UNUSED_VARIABLE = YES;
				IPHONEOS_DEPLOYMENT_TARGET = 12.1;
				MTL_ENABLE_DEBUG_INFO = NO;
				MTL_FAST_MATH = YES;
				SDKROOT = iphoneos;
				SWIFT_COMPILATION_MODE = wholemodule;
				SWIFT_OPTIMIZATION_LEVEL = "-O";
				VALIDATE_PRODUCT = YES;
			};
			name = Release;
		};
		CE788644275DD1FF00391829 /* Debug */ = {
			isa = XCBuildConfiguration;
			buildSettings = {
				ASSETCATALOG_COMPILER_APPICON_NAME = AppIcon;
				CODE_SIGN_STYLE = Automatic;
				INFOPLIST_FILE = wricur/Info.plist;
				LD_RUNPATH_SEARCH_PATHS = (
					"$(inherited)",
					"@executable_path/Frameworks",
				);
				PRODUCT_BUNDLE_IDENTIFIER = com.ltm.wricur;
				PRODUCT_NAME = "$(TARGET_NAME)";
				SWIFT_VERSION = 4.2;
				TARGETED_DEVICE_FAMILY = "1,2";
			};
			name = Debug;
		};
		CE788645275DD1FF00391829 /* Release */ = {
			isa = XCBuildConfiguration;
			buildSettings = {
				ASSETCATALOG_COMPILER_APPICON_NAME = AppIcon;
				CODE_SIGN_STYLE = Automatic;
				INFOPLIST_FILE = wricur/Info.plist;
				LD_RUNPATH_SEARCH_PATHS = (
					"$(inherited)",
					"@executable_path/Frameworks",
				);
				PRODUCT_BUNDLE_IDENTIFIER = com.ltm.wricur;
				PRODUCT_NAME = "$(TARGET_NAME)";
				SWIFT_VERSION = 4.2;
				TARGETED_DEVICE_FAMILY = "1,2";
			};
			name = Release;
		};
/* End XCBuildConfiguration section */

/* Begin XCConfigurationList section */
		CE788629275DD1FC00391829 /* Build configuration list for PBXProject "wricur" */ = {
			isa = XCConfigurationList;
			buildConfigurations = (
				CE788641275DD1FF00391829 /* Debug */,
				CE788642275DD1FF00391829 /* Release */,
			);
			defaultConfigurationIsVisible = 0;
			defaultConfigurationName = Release;
		};
		CE788643275DD1FF00391829 /* Build configuration list for PBXNativeTarget "wricur" */ = {
			isa = XCConfigurationList;
			buildConfigurations = (
				CE788644275DD1FF00391829 /* Debug */,
				CE788645275DD1FF00391829 /* Release */,
			);
			defaultConfigurationIsVisible = 0;
			defaultConfigurationName = Release;
		};
/* End XCConfigurationList section */

/* Begin XCVersionGroup section */
		CE788638275DD1FD00391829 /* wricur.xcdatamodeld */ = {
			isa = XCVersionGroup;
			children = (
				CE788639275DD1FD00391829 /* wricur.xcdatamodel */,
			);
			currentVersion = CE788639275DD1FD00391829 /* wricur.xcdatamodel */;
			path = wricur.xcdatamodeld;
			sourceTree = "<group>";
			versionGroupType = wrapper.xcdatamodel;
		};
/* End XCVersionGroup section */
	};
	rootObject = CE788626275DD1FC00391829 /* Project object */;
}
